
Microsoft Visual Studio Solution File, Format Version 12.00
# Visual Studio Version 16
VisualStudioVersion = 16.0.29215.179
MinimumVisualStudioVersion = 10.0.40219.1
Project("{FAE04EC0-301F-11D3-BF4B-00C04F79EFBC}") = "UdyatApp", "UdyatApp.csproj", "{4166DD66-E97D-4E51-8CDF-56B12CAEAFDF}"
EndProject
Global
	GlobalSection(SolutionConfigurationPlatforms) = preSolution
		Debug|Any CPU = Debug|Any CPU
		Release|Any CPU = Release|Any CPU
	EndGlobalSection
	GlobalSection(ProjectConfigurationPlatforms) = postSolution
		{4166DD66-E97D-4E51-8CDF-56B12CAEAFDF}.Debug|Any CPU.ActiveCfg = Debug|Any CPU
		{4166DD66-E97D-4E51-8CDF-56B12CAEAFDF}.Debug|Any CPU.Build.0 = Debug|Any CPU
		{4166DD66-E97D-4E51-8CDF-56B12CAEAFDF}.Release|Any CPU.ActiveCfg = Release|Any CPU
		{4166DD66-E97D-4E51-8CDF-56B12CAEAFDF}.Release|Any CPU.Build.0 = Release|Any CPU
	EndGlobalSection
	GlobalSection(SolutionProperties) = preSolution
		HideSolutionNode = FALSE
	EndGlobalSection
	GlobalSection(ExtensibilityGlobals) = postSolution
		SolutionGuid = {99C00B69-BE2B-4185-AA7F-EE28E01C83FA}
	EndGlobalSection
EndGlobal
